
Microsoft Visual Studio Solution File, Format Version 12.00
# Visual Studio Version 17
VisualStudioVersion = 17.7.34221.43
MinimumVisualStudioVersion = 10.0.40219.1
Project("{FAE04EC0-301F-11D3-BF4B-00C04F79EFBC}") = "GUIdition", "GUIdition\GUIdition.csproj", "{31E58FEA-17EC-458C-A61A-6A4A9AB85735}"
	ProjectSection(ProjectDependencies) = postProject
		{614FC0E9-0561-40FA-AD2E-0F45A4F402ED} = {614FC0E9-0561-40FA-AD2E-0F45A4F402ED}
	EndProjectSection
EndProject
Project("{FAE04EC0-301F-11D3-BF4B-00C04F79EFBC}") = "ConsiditionLib2023", "ConsiditionLib2023\ConsiditionLib2023.csproj", "{614FC0E9-0561-40FA-AD2E-0F45A4F402ED}"
EndProject
Global
	GlobalSection(SolutionConfigurationPlatforms) = preSolution
		Debug|Any CPU = Debug|Any CPU
		Release|Any CPU = Release|Any CPU
	EndGlobalSection
	GlobalSection(ProjectConfigurationPlatforms) = postSolution
		{31E58FEA-17EC-458C-A61A-6A4A9AB85735}.Debug|Any CPU.ActiveCfg = Debug|Any CPU
		{31E58FEA-17EC-458C-A61A-6A4A9AB85735}.Debug|Any CPU.Build.0 = Debug|Any CPU
		{31E58FEA-17EC-458C-A61A-6A4A9AB85735}.Release|Any CPU.ActiveCfg = Release|Any CPU
		{31E58FEA-17EC-458C-A61A-6A4A9AB85735}.Release|Any CPU.Build.0 = Release|Any CPU
		{614FC0E9-0561-40FA-AD2E-0F45A4F402ED}.Debug|Any CPU.ActiveCfg = Debug|Any CPU
		{614FC0E9-0561-40FA-AD2E-0F45A4F402ED}.Debug|Any CPU.Build.0 = Debug|Any CPU
		{614FC0E9-0561-40FA-AD2E-0F45A4F402ED}.Release|Any CPU.ActiveCfg = Release|Any CPU
		{614FC0E9-0561-40FA-AD2E-0F45A4F402ED}.Release|Any CPU.Build.0 = Release|Any CPU
	EndGlobalSection
	GlobalSection(SolutionProperties) = preSolution
		HideSolutionNode = FALSE
	EndGlobalSection
	GlobalSection(ExtensibilityGlobals) = postSolution
		SolutionGuid = {17FA3476-C1B9-40A1-B983-E6C168EB621C}
	EndGlobalSection
EndGlobal
